// !$*UTF8*$!
{
	archiveVersion = 1;
	classes = {
	};
	objectVersion = 50;
	objects = {

/* Begin PBXBuildFile section */
		D498A91725ED53AD00289D9C /* Sensors.cpp in Sources */ = {isa = PBXBuildFile; fileRef = D498A91525ED53AD00289D9C /* Sensors.cpp */; };
		D4A4EF2B25DD491300F34109 /* main.cpp in Sources */ = {isa = PBXBuildFile; fileRef = D4A4EF2A25DD491300F34109 /* main.cpp */; };
		D4CB783425E80BC200E1AD07 /* Sensor_Stream.cpp in Sources */ = {isa = PBXBuildFile; fileRef = D4CB782E25E80BC200E1AD07 /* Sensor_Stream.cpp */; };
		D4CB783525E80BC200E1AD07 /* Logger.cpp in Sources */ = {isa = PBXBuildFile; fileRef = D4CB782F25E80BC200E1AD07 /* Logger.cpp */; };
		D4CB783625E80BC200E1AD07 /* Control_Output.cpp in Sources */ = {isa = PBXBuildFile; fileRef = D4CB783325E80BC200E1AD07 /* Control_Output.cpp */; };
/* End PBXBuildFile section */

/* Begin PBXCopyFilesBuildPhase section */
		D4A4EF2525DD491300F34109 /* CopyFiles */ = {
			isa = PBXCopyFilesBuildPhase;
			buildActionMask = 2147483647;
			dstPath = /usr/share/man/man1/;
			dstSubfolderSpec = 0;
			files = (
			);
			runOnlyForDeploymentPostprocessing = 1;
		};
/* End PBXCopyFilesBuildPhase section */

/* Begin PBXFileReference section */
		D492D45E25ED43280003E9B7 /* _StreamData */ = {isa = PBXFileReference; lastKnownFileType = folder; path = _StreamData; sourceTree = "<group>"; };
		D492D46125ED43820003E9B7 /* Logs */ = {isa = PBXFileReference; lastKnownFileType = folder; name = Logs; path = "/Users/robbiewoolterton/Documents/GitHub/Robotics Systems/Robotics Systems/Logs"; sourceTree = "<absolute>"; };
		D498A91525ED53AD00289D9C /* Sensors.cpp */ = {isa = PBXFileReference; lastKnownFileType = sourcecode.cpp.cpp; path = Sensors.cpp; sourceTree = "<group>"; };
		D498A91625ED53AD00289D9C /* Sensors.h */ = {isa = PBXFileReference; lastKnownFileType = sourcecode.c.h; path = Sensors.h; sourceTree = "<group>"; };
		D4A4EF2725DD491300F34109 /* Robotics Systems */ = {isa = PBXFileReference; explicitFileType = "compiled.mach-o.executable"; includeInIndex = 0; path = "Robotics Systems"; sourceTree = BUILT_PRODUCTS_DIR; };
		D4A4EF2A25DD491300F34109 /* main.cpp */ = {isa = PBXFileReference; lastKnownFileType = sourcecode.cpp.cpp; path = main.cpp; sourceTree = "<group>"; };
		D4CB782E25E80BC200E1AD07 /* Sensor_Stream.cpp */ = {isa = PBXFileReference; fileEncoding = 4; lastKnownFileType = sourcecode.cpp.cpp; path = Sensor_Stream.cpp; sourceTree = "<group>"; };
		D4CB782F25E80BC200E1AD07 /* Logger.cpp */ = {isa = PBXFileReference; fileEncoding = 4; lastKnownFileType = sourcecode.cpp.cpp; path = Logger.cpp; sourceTree = "<group>"; };
		D4CB783025E80BC200E1AD07 /* Control_Output.h */ = {isa = PBXFileReference; fileEncoding = 4; lastKnownFileType = sourcecode.c.h; path = Control_Output.h; sourceTree = "<group>"; };
		D4CB783125E80BC200E1AD07 /* Sensor_Stream.h */ = {isa = PBXFileReference; fileEncoding = 4; lastKnownFileType = sourcecode.c.h; path = Sensor_Stream.h; sourceTree = "<group>"; };
		D4CB783225E80BC200E1AD07 /* Logger.h */ = {isa = PBXFileReference; fileEncoding = 4; lastKnownFileType = sourcecode.c.h; path = Logger.h; sourceTree = "<group>"; };
		D4CB783325E80BC200E1AD07 /* Control_Output.cpp */ = {isa = PBXFileReference; fileEncoding = 4; lastKnownFileType = sourcecode.cpp.cpp; path = Control_Output.cpp; sourceTree = "<group>"; };
/* End PBXFileReference section */

/* Begin PBXFrameworksBuildPhase section */
		D4A4EF2425DD491300F34109 /* Frameworks */ = {
			isa = PBXFrameworksBuildPhase;
			buildActionMask = 2147483647;
			files = (
			);
			runOnlyForDeploymentPostprocessing = 0;
		};
/* End PBXFrameworksBuildPhase section */

/* Begin PBXGroup section */
		D4A4EF1E25DD491300F34109 = {
			isa = PBXGroup;
			children = (
				D4A4EF2925DD491300F34109 /* Robotics Systems */,
				D4A4EF2825DD491300F34109 /* Products */,
			);
			sourceTree = "<group>";
		};
		D4A4EF2825DD491300F34109 /* Products */ = {
			isa = PBXGroup;
			children = (
				D4A4EF2725DD491300F34109 /* Robotics Systems */,
			);
			name = Products;
			sourceTree = "<group>";
		};
		D4A4EF2925DD491300F34109 /* Robotics Systems */ = {
			isa = PBXGroup;
			children = (
				D4A4EF2A25DD491300F34109 /* main.cpp */,
				D498A91525ED53AD00289D9C /* Sensors.cpp */,
				D498A91625ED53AD00289D9C /* Sensors.h */,
				D4CB783325E80BC200E1AD07 /* Control_Output.cpp */,
				D4CB783025E80BC200E1AD07 /* Control_Output.h */,
				D4CB782F25E80BC200E1AD07 /* Logger.cpp */,
				D4CB783225E80BC200E1AD07 /* Logger.h */,
				D4CB782E25E80BC200E1AD07 /* Sensor_Stream.cpp */,
				D4CB783125E80BC200E1AD07 /* Sensor_Stream.h */,
				D492D45E25ED43280003E9B7 /* _StreamData */,
				D492D46125ED43820003E9B7 /* Logs */,
			);
			path = "Robotics Systems";
			sourceTree = "<group>";
		};
/* End PBXGroup section */

/* Begin PBXNativeTarget section */
		D4A4EF2625DD491300F34109 /* Robotics Systems */ = {
			isa = PBXNativeTarget;
			buildConfigurationList = D4A4EF2E25DD491300F34109 /* Build configuration list for PBXNativeTarget "Robotics Systems" */;
			buildPhases = (
				D4A4EF2325DD491300F34109 /* Sources */,
				D4A4EF2425DD491300F34109 /* Frameworks */,
				D4A4EF2525DD491300F34109 /* CopyFiles */,
			);
			buildRules = (
			);
			dependencies = (
			);
			name = "Robotics Systems";
			productName = "Robotics Systems";
			productReference = D4A4EF2725DD491300F34109 /* Robotics Systems */;
			productType = "com.apple.product-type.tool";
		};
/* End PBXNativeTarget section */

/* Begin PBXProject section */
		D4A4EF1F25DD491300F34109 /* Project object */ = {
			isa = PBXProject;
			attributes = {
				LastUpgradeCheck = 1160;
				ORGANIZATIONNAME = "Robbie Woolterton";
				TargetAttributes = {
					D4A4EF2625DD491300F34109 = {
						CreatedOnToolsVersion = 11.6;
					};
				};
			};
			buildConfigurationList = D4A4EF2225DD491300F34109 /* Build configuration list for PBXProject "Robotics Systems" */;
			compatibilityVersion = "Xcode 9.3";
			developmentRegion = en;
			hasScannedForEncodings = 0;
			knownRegions = (
				en,
				Base,
			);
			mainGroup = D4A4EF1E25DD491300F34109;
			productRefGroup = D4A4EF2825DD491300F34109 /* Products */;
			projectDirPath = "";
			projectRoot = "";
			targets = (
				D4A4EF2625DD491300F34109 /* Robotics Systems */,
			);
		};
/* End PBXProject section */

/* Begin PBXSourcesBuildPhase section */
		D4A4EF2325DD491300F34109 /* Sources */ = {
			isa = PBXSourcesBuildPhase;
			buildActionMask = 2147483647;
			files = (
				D498A91725ED53AD00289D9C /* Sensors.cpp in Sources */,
				D4CB783625E80BC200E1AD07 /* Control_Output.cpp in Sources */,
				D4A4EF2B25DD491300F34109 /* main.cpp in Sources */,
				D4CB783525E80BC200E1AD07 /* Logger.cpp in Sources */,
				D4CB783425E80BC200E1AD07 /* Sensor_Stream.cpp in Sources */,
			);
			runOnlyForDeploymentPostprocessing = 0;
		};
/* End PBXSourcesBuildPhase section */

/* Begin XCBuildConfiguration section */
		D4A4EF2C25DD491300F34109 /* Debug */ = {
			isa = XCBuildConfiguration;
			buildSettings = {
				ALWAYS_SEARCH_USER_PATHS = NO;
				CLANG_ANALYZER_NONNULL = YES;
				CLANG_ANALYZER_NUMBER_OBJECT_CONVERSION = YES_AGGRESSIVE;
				CLANG_CXX_LANGUAGE_STANDARD = "gnu++14";
				CLANG_CXX_LIBRARY = "libc++";
				CLANG_ENABLE_MODULES = YES;
				CLANG_ENABLE_OBJC_ARC = YES;
				CLANG_ENABLE_OBJC_WEAK = YES;
				CLANG_WARN_BLOCK_CAPTURE_AUTORELEASING = YES;
				CLANG_WARN_BOOL_CONVERSION = YES;
				CLANG_WARN_COMMA = YES;
				CLANG_WARN_CONSTANT_CONVERSION = YES;
				CLANG_WARN_DEPRECATED_OBJC_IMPLEMENTATIONS = YES;
				CLANG_WARN_DIRECT_OBJC_ISA_USAGE = YES_ERROR;
				CLANG_WARN_DOCUMENTATION_COMMENTS = YES;
				CLANG_WARN_EMPTY_BODY = YES;
				CLANG_WARN_ENUM_CONVERSION = YES;
				CLANG_WARN_INFINITE_RECURSION = YES;
				CLANG_WARN_INT_CONVERSION = YES;
				CLANG_WARN_NON_LITERAL_NULL_CONVERSION = YES;
				CLANG_WARN_OBJC_IMPLICIT_RETAIN_SELF = YES;
				CLANG_WARN_OBJC_LITERAL_CONVERSION = YES;
				CLANG_WARN_OBJC_ROOT_CLASS = YES_ERROR;
				CLANG_WARN_RANGE_LOOP_ANALYSIS = YES;
				CLANG_WARN_STRICT_PROTOTYPES = YES;
				CLANG_WARN_SUSPICIOUS_MOVE = YES;
				CLANG_WARN_UNGUARDED_AVAILABILITY = YES_AGGRESSIVE;
				CLANG_WARN_UNREACHABLE_CODE = YES;
				CLANG_WARN__DUPLICATE_METHOD_MATCH = YES;
				COPY_PHASE_STRIP = NO;
				DEBUG_INFORMATION_FORMAT = dwarf;
				ENABLE_STRICT_OBJC_MSGSEND = YES;
				ENABLE_TESTABILITY = YES;
				GCC_C_LANGUAGE_STANDARD = gnu11;
				GCC_DYNAMIC_NO_PIC = NO;
				GCC_NO_COMMON_BLOCKS = YES;
				GCC_OPTIMIZATION_LEVEL = 0;
				GCC_PREPROCESSOR_DEFINITIONS = (
					"DEBUG=1",
					"$(inherited)",
				);
				GCC_WARN_64_TO_32_BIT_CONVERSION = YES;
				GCC_WARN_ABOUT_RETURN_TYPE = YES_ERROR;
				GCC_WARN_UNDECLARED_SELECTOR = YES;
				GCC_WARN_UNINITIALIZED_AUTOS = YES_AGGRESSIVE;
				GCC_WARN_UNUSED_FUNCTION = YES;
				GCC_WARN_UNUSED_VARIABLE = YES;
				MACOSX_DEPLOYMENT_TARGET = 10.15;
				MTL_ENABLE_DEBUG_INFO = INCLUDE_SOURCE;
				MTL_FAST_MATH = YES;
				ONLY_ACTIVE_ARCH = YES;
				SDKROOT = macosx;
			};
			name = Debug;
		};
		D4A4EF2D25DD491300F34109 /* Release */ = {
			isa = XCBuildConfiguration;
			buildSettings = {
				ALWAYS_SEARCH_USER_PATHS = NO;
				CLANG_ANALYZER_NONNULL = YES;
				CLANG_ANALYZER_NUMBER_OBJECT_CONVERSION = YES_AGGRESSIVE;
				CLANG_CXX_LANGUAGE_STANDARD = "gnu++14";
				CLANG_CXX_LIBRARY = "libc++";
				CLANG_ENABLE_MODULES = YES;
				CLANG_ENABLE_OBJC_ARC = YES;
				CLANG_ENABLE_OBJC_WEAK = YES;
				CLANG_WARN_BLOCK_CAPTURE_AUTORELEASING = YES;
				CLANG_WARN_BOOL_CONVERSION = YES;
				CLANG_WARN_COMMA = YES;
				CLANG_WARN_CONSTANT_CONVERSION = YES;
				CLANG_WARN_DEPRECATED_OBJC_IMPLEMENTATIONS = YES;
				CLANG_WARN_DIRECT_OBJC_ISA_USAGE = YES_ERROR;
				CLANG_WARN_DOCUMENTATION_COMMENTS = YES;
				CLANG_WARN_EMPTY_BODY = YES;
				CLANG_WARN_ENUM_CONVERSION = YES;
				CLANG_WARN_INFINITE_RECURSION = YES;
				CLANG_WARN_INT_CONVERSION = YES;
				CLANG_WARN_NON_LITERAL_NULL_CONVERSION = YES;
				CLANG_WARN_OBJC_IMPLICIT_RETAIN_SELF = YES;
				CLANG_WARN_OBJC_LITERAL_CONVERSION = YES;
				CLANG_WARN_OBJC_ROOT_CLASS = YES_ERROR;
				CLANG_WARN_RANGE_LOOP_ANALYSIS = YES;
				CLANG_WARN_STRICT_PROTOTYPES = YES;
				CLANG_WARN_SUSPICIOUS_MOVE = YES;
				CLANG_WARN_UNGUARDED_AVAILABILITY = YES_AGGRESSIVE;
				CLANG_WARN_UNREACHABLE_CODE = YES;
				CLANG_WARN__DUPLICATE_METHOD_MATCH = YES;
				COPY_PHASE_STRIP = NO;
				DEBUG_INFORMATION_FORMAT = "dwarf-with-dsym";
				ENABLE_NS_ASSERTIONS = NO;
				ENABLE_STRICT_OBJC_MSGSEND = YES;
				GCC_C_LANGUAGE_STANDARD = gnu11;
				GCC_NO_COMMON_BLOCKS = YES;
				GCC_WARN_64_TO_32_BIT_CONVERSION = YES;
				GCC_WARN_ABOUT_RETURN_TYPE = YES_ERROR;
				GCC_WARN_UNDECLARED_SELECTOR = YES;
				GCC_WARN_UNINITIALIZED_AUTOS = YES_AGGRESSIVE;
				GCC_WARN_UNUSED_FUNCTION = YES;
				GCC_WARN_UNUSED_VARIABLE = YES;
				MACOSX_DEPLOYMENT_TARGET = 10.15;
				MTL_ENABLE_DEBUG_INFO = NO;
				MTL_FAST_MATH = YES;
				SDKROOT = macosx;
			};
			name = Release;
		};
		D4A4EF2F25DD491300F34109 /* Debug */ = {
			isa = XCBuildConfiguration;
			buildSettings = {
				CODE_SIGN_STYLE = Automatic;
				PRODUCT_NAME = "$(TARGET_NAME)";
			};
			name = Debug;
		};
		D4A4EF3025DD491300F34109 /* Release */ = {
			isa = XCBuildConfiguration;
			buildSettings = {
				CODE_SIGN_STYLE = Automatic;
				PRODUCT_NAME = "$(TARGET_NAME)";
			};
			name = Release;
		};
/* End XCBuildConfiguration section */

/* Begin XCConfigurationList section */
		D4A4EF2225DD491300F34109 /* Build configuration list for PBXProject "Robotics Systems" */ = {
			isa = XCConfigurationList;
			buildConfigurations = (
				D4A4EF2C25DD491300F34109 /* Debug */,
				D4A4EF2D25DD491300F34109 /* Release */,
			);
			defaultConfigurationIsVisible = 0;
			defaultConfigurationName = Release;
		};
		D4A4EF2E25DD491300F34109 /* Build configuration list for PBXNativeTarget "Robotics Systems" */ = {
			isa = XCConfigurationList;
			buildConfigurations = (
				D4A4EF2F25DD491300F34109 /* Debug */,
				D4A4EF3025DD491300F34109 /* Release */,
			);
			defaultConfigurationIsVisible = 0;
			defaultConfigurationName = Release;
		};
/* End XCConfigurationList section */
	};
	rootObject = D4A4EF1F25DD491300F34109 /* Project object */;
}
